
Microsoft Visual Studio Solution File, Format Version 12.00
# Visual Studio 15
VisualStudioVersion = 15.0.26403.7
MinimumVisualStudioVersion = 10.0.40219.1
Project("{FAE04EC0-301F-11D3-BF4B-00C04F79EFBC}") = "ConsultaProdutos.Api", "ConsultaProdutos.Api\ConsultaProdutos.Api.csproj", "{EA443DC0-88D7-42E9-B7FE-438B60BBA82D}"
EndProject
Project("{FAE04EC0-301F-11D3-BF4B-00C04F79EFBC}") = "ConsultaProdutos.Api.Testes", "ConsultaProdutos.Api.Testes\ConsultaProdutos.Api.Testes.csproj", "{176F2597-C7A4-4B50-A719-563F209A71B9}"
EndProject
Project("{FAE04EC0-301F-11D3-BF4B-00C04F79EFBC}") = "ConsultaProdutos.MVC", "ConsultaProdutos.MVC\ConsultaProdutos.MVC.csproj", "{4E526894-77CB-4366-ACE6-246E180F2EE6}"
EndProject
Project("{FAE04EC0-301F-11D3-BF4B-00C04F79EFBC}") = "ConsultaProdutos.MVC.Testes", "ConsultaProdutos.MVC.Testes\ConsultaProdutos.MVC.Testes.csproj", "{4B471CDD-ADB1-4D04-BC8E-32396FABFDED}"
EndProject
Project("{2150E333-8FDC-42A3-9474-1A3956D46DE8}") = "0 - Presentation", "0 - Presentation", "{88192F3A-17B6-4B93-B767-38D881BB2AD1}"
EndProject
Project("{2150E333-8FDC-42A3-9474-1A3956D46DE8}") = "1 - Services", "1 - Services", "{FF2B7C4D-E423-46BB-8F18-B15B3AF611C9}"
EndProject
Project("{2150E333-8FDC-42A3-9474-1A3956D46DE8}") = "2 - Application", "2 - Application", "{C22CBC85-6ED3-49AF-9F4B-815A4E655A07}"
EndProject
Project("{2150E333-8FDC-42A3-9474-1A3956D46DE8}") = "3 - Domain", "3 - Domain", "{56C122EE-26EF-4499-94CE-84EB8424080C}"
EndProject
Project("{2150E333-8FDC-42A3-9474-1A3956D46DE8}") = "4 - Infra", "4 - Infra", "{D023A4A4-8CBD-4A88-8024-DD4CD20DC9FB}"
EndProject
Project("{FAE04EC0-301F-11D3-BF4B-00C04F79EFBC}") = "ConsultaProdutos.Application", "ConsultaProdutos.Application\ConsultaProdutos.Application.csproj", "{5BE3B72F-B963-47A7-9005-9E6B22566B92}"
EndProject
Project("{FAE04EC0-301F-11D3-BF4B-00C04F79EFBC}") = "ConsultaProdutos.Domain", "ConsultaProdutos.Domain\ConsultaProdutos.Domain.csproj", "{8BD49626-037C-4F3B-99CB-85FE53C5192C}"
EndProject
Project("{2150E333-8FDC-42A3-9474-1A3956D46DE8}") = "4.1 - Data", "4.1 - Data", "{983EC7C3-377B-43A5-9F8C-561B3D1875E4}"
EndProject
Project("{FAE04EC0-301F-11D3-BF4B-00C04F79EFBC}") = "ConsultaProdutos.Infra.Data", "ConsultaProdutos.Infra.Data\ConsultaProdutos.Infra.Data.csproj", "{888EA0AA-D9AB-4E20-96B3-1C1A1D0E7C7F}"
EndProject
Global
	GlobalSection(SolutionConfigurationPlatforms) = preSolution
		Debug|Any CPU = Debug|Any CPU
		Release|Any CPU = Release|Any CPU
	EndGlobalSection
	GlobalSection(ProjectConfigurationPlatforms) = postSolution
		{EA443DC0-88D7-42E9-B7FE-438B60BBA82D}.Debug|Any CPU.ActiveCfg = Debug|Any CPU
		{EA443DC0-88D7-42E9-B7FE-438B60BBA82D}.Debug|Any CPU.Build.0 = Debug|Any CPU
		{EA443DC0-88D7-42E9-B7FE-438B60BBA82D}.Release|Any CPU.ActiveCfg = Release|Any CPU
		{EA443DC0-88D7-42E9-B7FE-438B60BBA82D}.Release|Any CPU.Build.0 = Release|Any CPU
		{176F2597-C7A4-4B50-A719-563F209A71B9}.Debug|Any CPU.ActiveCfg = Debug|Any CPU
		{176F2597-C7A4-4B50-A719-563F209A71B9}.Debug|Any CPU.Build.0 = Debug|Any CPU
		{176F2597-C7A4-4B50-A719-563F209A71B9}.Release|Any CPU.ActiveCfg = Release|Any CPU
		{176F2597-C7A4-4B50-A719-563F209A71B9}.Release|Any CPU.Build.0 = Release|Any CPU
		{4E526894-77CB-4366-ACE6-246E180F2EE6}.Debug|Any CPU.ActiveCfg = Debug|Any CPU
		{4E526894-77CB-4366-ACE6-246E180F2EE6}.Debug|Any CPU.Build.0 = Debug|Any CPU
		{4E526894-77CB-4366-ACE6-246E180F2EE6}.Release|Any CPU.ActiveCfg = Release|Any CPU
		{4E526894-77CB-4366-ACE6-246E180F2EE6}.Release|Any CPU.Build.0 = Release|Any CPU
		{4B471CDD-ADB1-4D04-BC8E-32396FABFDED}.Debug|Any CPU.ActiveCfg = Debug|Any CPU
		{4B471CDD-ADB1-4D04-BC8E-32396FABFDED}.Debug|Any CPU.Build.0 = Debug|Any CPU
		{4B471CDD-ADB1-4D04-BC8E-32396FABFDED}.Release|Any CPU.ActiveCfg = Release|Any CPU
		{4B471CDD-ADB1-4D04-BC8E-32396FABFDED}.Release|Any CPU.Build.0 = Release|Any CPU
		{5BE3B72F-B963-47A7-9005-9E6B22566B92}.Debug|Any CPU.ActiveCfg = Debug|Any CPU
		{5BE3B72F-B963-47A7-9005-9E6B22566B92}.Debug|Any CPU.Build.0 = Debug|Any CPU
		{5BE3B72F-B963-47A7-9005-9E6B22566B92}.Release|Any CPU.ActiveCfg = Release|Any CPU
		{5BE3B72F-B963-47A7-9005-9E6B22566B92}.Release|Any CPU.Build.0 = Release|Any CPU
		{8BD49626-037C-4F3B-99CB-85FE53C5192C}.Debug|Any CPU.ActiveCfg = Debug|Any CPU
		{8BD49626-037C-4F3B-99CB-85FE53C5192C}.Debug|Any CPU.Build.0 = Debug|Any CPU
		{8BD49626-037C-4F3B-99CB-85FE53C5192C}.Release|Any CPU.ActiveCfg = Release|Any CPU
		{8BD49626-037C-4F3B-99CB-85FE53C5192C}.Release|Any CPU.Build.0 = Release|Any CPU
		{888EA0AA-D9AB-4E20-96B3-1C1A1D0E7C7F}.Debug|Any CPU.ActiveCfg = Debug|Any CPU
		{888EA0AA-D9AB-4E20-96B3-1C1A1D0E7C7F}.Debug|Any CPU.Build.0 = Debug|Any CPU
		{888EA0AA-D9AB-4E20-96B3-1C1A1D0E7C7F}.Release|Any CPU.ActiveCfg = Release|Any CPU
		{888EA0AA-D9AB-4E20-96B3-1C1A1D0E7C7F}.Release|Any CPU.Build.0 = Release|Any CPU
	EndGlobalSection
	GlobalSection(SolutionProperties) = preSolution
		HideSolutionNode = FALSE
	EndGlobalSection
	GlobalSection(NestedProjects) = preSolution
		{EA443DC0-88D7-42E9-B7FE-438B60BBA82D} = {FF2B7C4D-E423-46BB-8F18-B15B3AF611C9}
		{176F2597-C7A4-4B50-A719-563F209A71B9} = {FF2B7C4D-E423-46BB-8F18-B15B3AF611C9}
		{4E526894-77CB-4366-ACE6-246E180F2EE6} = {88192F3A-17B6-4B93-B767-38D881BB2AD1}
		{4B471CDD-ADB1-4D04-BC8E-32396FABFDED} = {88192F3A-17B6-4B93-B767-38D881BB2AD1}
		{5BE3B72F-B963-47A7-9005-9E6B22566B92} = {C22CBC85-6ED3-49AF-9F4B-815A4E655A07}
		{8BD49626-037C-4F3B-99CB-85FE53C5192C} = {56C122EE-26EF-4499-94CE-84EB8424080C}
		{983EC7C3-377B-43A5-9F8C-561B3D1875E4} = {D023A4A4-8CBD-4A88-8024-DD4CD20DC9FB}
		{888EA0AA-D9AB-4E20-96B3-1C1A1D0E7C7F} = {983EC7C3-377B-43A5-9F8C-561B3D1875E4}
	EndGlobalSection
EndGlobal
