
Microsoft Visual Studio Solution File, Format Version 12.00
# Visual Studio 15
VisualStudioVersion = 15.0.26403.7
MinimumVisualStudioVersion = 10.0.40219.1
Project("{FAE04EC0-301F-11D3-BF4B-00C04F79EFBC}") = "ConsultaProdutos.Api", "ConsultaProdutos.Api\ConsultaProdutos.Api.csproj", "{EA443DC0-88D7-42E9-B7FE-438B60BBA82D}"
EndProject
Project("{FAE04EC0-301F-11D3-BF4B-00C04F79EFBC}") = "ConsultaProdutos.Api.Testes", "ConsultaProdutos.Api.Testes\ConsultaProdutos.Api.Testes.csproj", "{176F2597-C7A4-4B50-A719-563F209A71B9}"
EndProject
Project("{FAE04EC0-301F-11D3-BF4B-00C04F79EFBC}") = "ConsultaProdutos.MVC", "ConsultaProdutos.MVC\ConsultaProdutos.MVC.csproj", "{4E526894-77CB-4366-ACE6-246E180F2EE6}"
EndProject
Project("{FAE04EC0-301F-11D3-BF4B-00C04F79EFBC}") = "ConsultaProdutos.MVC.Testes", "ConsultaProdutos.MVC.Testes\ConsultaProdutos.MVC.Testes.csproj", "{4B471CDD-ADB1-4D04-BC8E-32396FABFDED}"
EndProject
Project("{2150E333-8FDC-42A3-9474-1A3956D46DE8}") = "0 - Presentation", "0 - Presentation", "{88192F3A-17B6-4B93-B767-38D881BB2AD1}"
EndProject
Project("{2150E333-8FDC-42A3-9474-1A3956D46DE8}") = "1 - Services", "1 - Services", "{FF2B7C4D-E423-46BB-8F18-B15B3AF611C9}"
EndProject
Global
	GlobalSection(SolutionConfigurationPlatforms) = preSolution
		Debug|Any CPU = Debug|Any CPU
		Release|Any CPU = Release|Any CPU
	EndGlobalSection
	GlobalSection(ProjectConfigurationPlatforms) = postSolution
		{EA443DC0-88D7-42E9-B7FE-438B60BBA82D}.Debug|Any CPU.ActiveCfg = Debug|Any CPU
		{EA443DC0-88D7-42E9-B7FE-438B60BBA82D}.Debug|Any CPU.Build.0 = Debug|Any CPU
		{EA443DC0-88D7-42E9-B7FE-438B60BBA82D}.Release|Any CPU.ActiveCfg = Release|Any CPU
		{EA443DC0-88D7-42E9-B7FE-438B60BBA82D}.Release|Any CPU.Build.0 = Release|Any CPU
		{176F2597-C7A4-4B50-A719-563F209A71B9}.Debug|Any CPU.ActiveCfg = Debug|Any CPU
		{176F2597-C7A4-4B50-A719-563F209A71B9}.Debug|Any CPU.Build.0 = Debug|Any CPU
		{176F2597-C7A4-4B50-A719-563F209A71B9}.Release|Any CPU.ActiveCfg = Release|Any CPU
		{176F2597-C7A4-4B50-A719-563F209A71B9}.Release|Any CPU.Build.0 = Release|Any CPU
		{4E526894-77CB-4366-ACE6-246E180F2EE6}.Debug|Any CPU.ActiveCfg = Debug|Any CPU
		{4E526894-77CB-4366-ACE6-246E180F2EE6}.Debug|Any CPU.Build.0 = Debug|Any CPU
		{4E526894-77CB-4366-ACE6-246E180F2EE6}.Release|Any CPU.ActiveCfg = Release|Any CPU
		{4E526894-77CB-4366-ACE6-246E180F2EE6}.Release|Any CPU.Build.0 = Release|Any CPU
		{4B471CDD-ADB1-4D04-BC8E-32396FABFDED}.Debug|Any CPU.ActiveCfg = Debug|Any CPU
		{4B471CDD-ADB1-4D04-BC8E-32396FABFDED}.Debug|Any CPU.Build.0 = Debug|Any CPU
		{4B471CDD-ADB1-4D04-BC8E-32396FABFDED}.Release|Any CPU.ActiveCfg = Release|Any CPU
		{4B471CDD-ADB1-4D04-BC8E-32396FABFDED}.Release|Any CPU.Build.0 = Release|Any CPU
	EndGlobalSection
	GlobalSection(SolutionProperties) = preSolution
		HideSolutionNode = FALSE
	EndGlobalSection
	GlobalSection(NestedProjects) = preSolution
		{EA443DC0-88D7-42E9-B7FE-438B60BBA82D} = {FF2B7C4D-E423-46BB-8F18-B15B3AF611C9}
		{176F2597-C7A4-4B50-A719-563F209A71B9} = {FF2B7C4D-E423-46BB-8F18-B15B3AF611C9}
		{4E526894-77CB-4366-ACE6-246E180F2EE6} = {88192F3A-17B6-4B93-B767-38D881BB2AD1}
		{4B471CDD-ADB1-4D04-BC8E-32396FABFDED} = {88192F3A-17B6-4B93-B767-38D881BB2AD1}
	EndGlobalSection
EndGlobal
